{
    "_meta": {
        "hash": {
            "sha256": "f738f583037532d17d9cc6e25222241660032fc550f0a3b562aae3547387988b"
        },
        "pipfile-spec": 6,
        "requires": {
            "python_version": "3.8"
        },
        "sources": [
            {
                "name": "pypi",
                "url": "https://pypi.python.org/simple",
                "verify_ssl": true
            }
        ]
    },
    "default": {
        "dependency": {
            "hashes": [
                "sha256:41c26885d28a71a07e4605cdfa564b73a49fe9b29a4479207e14c7fda0e39d64"
            ],
            "index": "pypi",
            "version": "==0.0.3"
        },
        "gunicorn": {
            "hashes": [
                "sha256:9dcc4547dbb1cb284accfb15ab5667a0e5d1881cc443e0677b4882a4067a807e",
                "sha256:e0a968b5ba15f8a328fdfd7ab1fcb5af4470c28aaf7e55df02a99bc13138e6e8"
            ],
            "index": "pypi",
            "version": "==20.1.0"
        }
    },
    "develop": {}
}
